// !$*UTF8*$!
{
	archiveVersion = 1;
	classes = {
	};
	objectVersion = 46;
	objects = {

/* Begin PBXBuildFile section */
		62CB91931C3D54FE00B314EE /* main.m in Sources */ = {isa = PBXBuildFile; fileRef = 62CB91921C3D54FE00B314EE /* main.m */; };
		62CB91961C3D54FE00B314EE /* AppDelegate.m in Sources */ = {isa = PBXBuildFile; fileRef = 62CB91951C3D54FE00B314EE /* AppDelegate.m */; };
		62CB91991C3D54FE00B314EE /* ViewController.m in Sources */ = {isa = PBXBuildFile; fileRef = 62CB91981C3D54FE00B314EE /* ViewController.m */; };
		62CB919C1C3D54FE00B314EE /* Main.storyboard in Resources */ = {isa = PBXBuildFile; fileRef = 62CB919A1C3D54FE00B314EE /* Main.storyboard */; };
		62CB919E1C3D54FE00B314EE /* Assets.xcassets in Resources */ = {isa = PBXBuildFile; fileRef = 62CB919D1C3D54FE00B314EE /* Assets.xcassets */; };
		62CB91A11C3D54FE00B314EE /* LaunchScreen.storyboard in Resources */ = {isa = PBXBuildFile; fileRef = 62CB919F1C3D54FE00B314EE /* LaunchScreen.storyboard */; };
		62CB91AC1C3D54FE00B314EE /* SimpleDrawingAppTests.m in Sources */ = {isa = PBXBuildFile; fileRef = 62CB91AB1C3D54FE00B314EE /* SimpleDrawingAppTests.m */; };
		62CB91B71C3D54FE00B314EE /* SimpleDrawingAppUITests.m in Sources */ = {isa = PBXBuildFile; fileRef = 62CB91B61C3D54FE00B314EE /* SimpleDrawingAppUITests.m */; };
		62CB91C51C3D554D00B314EE /* BackgroundImage.png in Resources */ = {isa = PBXBuildFile; fileRef = 62CB91C41C3D554D00B314EE /* BackgroundImage.png */; };
		62CB91C81C3D5FF300B314EE /* CanvasUIView.m in Sources */ = {isa = PBXBuildFile; fileRef = 62CB91C71C3D5FF300B314EE /* CanvasUIView.m */; };
/* End PBXBuildFile section */

/* Begin PBXContainerItemProxy section */
		62CB91A81C3D54FE00B314EE /* PBXContainerItemProxy */ = {
			isa = PBXContainerItemProxy;
			containerPortal = 62CB91861C3D54FE00B314EE /* Project object */;
			proxyType = 1;
			remoteGlobalIDString = 62CB918D1C3D54FE00B314EE;
			remoteInfo = SimpleDrawingApp;
		};
		62CB91B31C3D54FE00B314EE /* PBXContainerItemProxy */ = {
			isa = PBXContainerItemProxy;
			containerPortal = 62CB91861C3D54FE00B314EE /* Project object */;
			proxyType = 1;
			remoteGlobalIDString = 62CB918D1C3D54FE00B314EE;
			remoteInfo = SimpleDrawingApp;
		};
/* End PBXContainerItemProxy section */

/* Begin PBXFileReference section */
		62CB918E1C3D54FE00B314EE /* SimpleDrawingApp.app */ = {isa = PBXFileReference; explicitFileType = wrapper.application; includeInIndex = 0; path = SimpleDrawingApp.app; sourceTree = BUILT_PRODUCTS_DIR; };
		62CB91921C3D54FE00B314EE /* main.m */ = {isa = PBXFileReference; lastKnownFileType = sourcecode.c.objc; path = main.m; sourceTree = "<group>"; };
		62CB91941C3D54FE00B314EE /* AppDelegate.h */ = {isa = PBXFileReference; lastKnownFileType = sourcecode.c.h; path = AppDelegate.h; sourceTree = "<group>"; };
		62CB91951C3D54FE00B314EE /* AppDelegate.m */ = {isa = PBXFileReference; lastKnownFileType = sourcecode.c.objc; path = AppDelegate.m; sourceTree = "<group>"; };
		62CB91971C3D54FE00B314EE /* ViewController.h */ = {isa = PBXFileReference; lastKnownFileType = sourcecode.c.h; path = ViewController.h; sourceTree = "<group>"; };
		62CB91981C3D54FE00B314EE /* ViewController.m */ = {isa = PBXFileReference; lastKnownFileType = sourcecode.c.objc; path = ViewController.m; sourceTree = "<group>"; };
		62CB919B1C3D54FE00B314EE /* Base */ = {isa = PBXFileReference; lastKnownFileType = file.storyboard; name = Base; path = Base.lproj/Main.storyboard; sourceTree = "<group>"; };
		62CB919D1C3D54FE00B314EE /* Assets.xcassets */ = {isa = PBXFileReference; lastKnownFileType = folder.assetcatalog; path = Assets.xcassets; sourceTree = "<group>"; };
		62CB91A01C3D54FE00B314EE /* Base */ = {isa = PBXFileReference; lastKnownFileType = file.storyboard; name = Base; path = Base.lproj/LaunchScreen.storyboard; sourceTree = "<group>"; };
		62CB91A21C3D54FE00B314EE /* Info.plist */ = {isa = PBXFileReference; lastKnownFileType = text.plist.xml; path = Info.plist; sourceTree = "<group>"; };
		62CB91A71C3D54FE00B314EE /* SimpleDrawingAppTests.xctest */ = {isa = PBXFileReference; explicitFileType = wrapper.cfbundle; includeInIndex = 0; path = SimpleDrawingAppTests.xctest; sourceTree = BUILT_PRODUCTS_DIR; };
		62CB91AB1C3D54FE00B314EE /* SimpleDrawingAppTests.m */ = {isa = PBXFileReference; lastKnownFileType = sourcecode.c.objc; path = SimpleDrawingAppTests.m; sourceTree = "<group>"; };
		62CB91AD1C3D54FE00B314EE /* Info.plist */ = {isa = PBXFileReference; lastKnownFileType = text.plist.xml; path = Info.plist; sourceTree = "<group>"; };
		62CB91B21C3D54FE00B314EE /* SimpleDrawingAppUITests.xctest */ = {isa = PBXFileReference; explicitFileType = wrapper.cfbundle; includeInIndex = 0; path = SimpleDrawingAppUITests.xctest; sourceTree = BUILT_PRODUCTS_DIR; };
		62CB91B61C3D54FE00B314EE /* SimpleDrawingAppUITests.m */ = {isa = PBXFileReference; lastKnownFileType = sourcecode.c.objc; path = SimpleDrawingAppUITests.m; sourceTree = "<group>"; };
		62CB91B81C3D54FE00B314EE /* Info.plist */ = {isa = PBXFileReference; lastKnownFileType = text.plist.xml; path = Info.plist; sourceTree = "<group>"; };
		62CB91C41C3D554D00B314EE /* BackgroundImage.png */ = {isa = PBXFileReference; lastKnownFileType = image.png; path = BackgroundImage.png; sourceTree = "<group>"; };
		62CB91C61C3D5FF300B314EE /* CanvasUIView.h */ = {isa = PBXFileReference; fileEncoding = 4; lastKnownFileType = sourcecode.c.h; path = CanvasUIView.h; sourceTree = "<group>"; };
		62CB91C71C3D5FF300B314EE /* CanvasUIView.m */ = {isa = PBXFileReference; fileEncoding = 4; lastKnownFileType = sourcecode.c.objc; path = CanvasUIView.m; sourceTree = "<group>"; };
/* End PBXFileReference section */

/* Begin PBXFrameworksBuildPhase section */
		62CB918B1C3D54FE00B314EE /* Frameworks */ = {
			isa = PBXFrameworksBuildPhase;
			buildActionMask = 2147483647;
			files = (
			);
			runOnlyForDeploymentPostprocessing = 0;
		};
		62CB91A41C3D54FE00B314EE /* Frameworks */ = {
			isa = PBXFrameworksBuildPhase;
			buildActionMask = 2147483647;
			files = (
			);
			runOnlyForDeploymentPostprocessing = 0;
		};
		62CB91AF1C3D54FE00B314EE /* Frameworks */ = {
			isa = PBXFrameworksBuildPhase;
			buildActionMask = 2147483647;
			files = (
			);
			runOnlyForDeploymentPostprocessing = 0;
		};
/* End PBXFrameworksBuildPhase section */

/* Begin PBXGroup section */
		62CB91851C3D54FE00B314EE = {
			isa = PBXGroup;
			children = (
				62CB91901C3D54FE00B314EE /* SimpleDrawingApp */,
				62CB91AA1C3D54FE00B314EE /* SimpleDrawingAppTests */,
				62CB91B51C3D54FE00B314EE /* SimpleDrawingAppUITests */,
				62CB918F1C3D54FE00B314EE /* Products */,
			);
			sourceTree = "<group>";
		};
		62CB918F1C3D54FE00B314EE /* Products */ = {
			isa = PBXGroup;
			children = (
				62CB918E1C3D54FE00B314EE /* SimpleDrawingApp.app */,
				62CB91A71C3D54FE00B314EE /* SimpleDrawingAppTests.xctest */,
				62CB91B21C3D54FE00B314EE /* SimpleDrawingAppUITests.xctest */,
			);
			name = Products;
			sourceTree = "<group>";
		};
		62CB91901C3D54FE00B314EE /* SimpleDrawingApp */ = {
			isa = PBXGroup;
			children = (
				62CB91941C3D54FE00B314EE /* AppDelegate.h */,
				62CB91951C3D54FE00B314EE /* AppDelegate.m */,
				62CB91971C3D54FE00B314EE /* ViewController.h */,
				62CB91981C3D54FE00B314EE /* ViewController.m */,
				62CB91C61C3D5FF300B314EE /* CanvasUIView.h */,
				62CB91C71C3D5FF300B314EE /* CanvasUIView.m */,
				62CB919A1C3D54FE00B314EE /* Main.storyboard */,
				62CB919D1C3D54FE00B314EE /* Assets.xcassets */,
				62CB919F1C3D54FE00B314EE /* LaunchScreen.storyboard */,
				62CB91A21C3D54FE00B314EE /* Info.plist */,
				62CB91C41C3D554D00B314EE /* BackgroundImage.png */,
				62CB91911C3D54FE00B314EE /* Supporting Files */,
			);
			path = SimpleDrawingApp;
			sourceTree = "<group>";
		};
		62CB91911C3D54FE00B314EE /* Supporting Files */ = {
			isa = PBXGroup;
			children = (
				62CB91921C3D54FE00B314EE /* main.m */,
			);
			name = "Supporting Files";
			sourceTree = "<group>";
		};
		62CB91AA1C3D54FE00B314EE /* SimpleDrawingAppTests */ = {
			isa = PBXGroup;
			children = (
				62CB91AB1C3D54FE00B314EE /* SimpleDrawingAppTests.m */,
				62CB91AD1C3D54FE00B314EE /* Info.plist */,
			);
			path = SimpleDrawingAppTests;
			sourceTree = "<group>";
		};
		62CB91B51C3D54FE00B314EE /* SimpleDrawingAppUITests */ = {
			isa = PBXGroup;
			children = (
				62CB91B61C3D54FE00B314EE /* SimpleDrawingAppUITests.m */,
				62CB91B81C3D54FE00B314EE /* Info.plist */,
			);
			path = SimpleDrawingAppUITests;
			sourceTree = "<group>";
		};
/* End PBXGroup section */

/* Begin PBXNativeTarget section */
		62CB918D1C3D54FE00B314EE /* SimpleDrawingApp */ = {
			isa = PBXNativeTarget;
			buildConfigurationList = 62CB91BB1C3D54FE00B314EE /* Build configuration list for PBXNativeTarget "SimpleDrawingApp" */;
			buildPhases = (
				62CB918A1C3D54FE00B314EE /* Sources */,
				62CB918B1C3D54FE00B314EE /* Frameworks */,
				62CB918C1C3D54FE00B314EE /* Resources */,
			);
			buildRules = (
			);
			dependencies = (
			);
			name = SimpleDrawingApp;
			productName = SimpleDrawingApp;
			productReference = 62CB918E1C3D54FE00B314EE /* SimpleDrawingApp.app */;
			productType = "com.apple.product-type.application";
		};
		62CB91A61C3D54FE00B314EE /* SimpleDrawingAppTests */ = {
			isa = PBXNativeTarget;
			buildConfigurationList = 62CB91BE1C3D54FE00B314EE /* Build configuration list for PBXNativeTarget "SimpleDrawingAppTests" */;
			buildPhases = (
				62CB91A31C3D54FE00B314EE /* Sources */,
				62CB91A41C3D54FE00B314EE /* Frameworks */,
				62CB91A51C3D54FE00B314EE /* Resources */,
			);
			buildRules = (
			);
			dependencies = (
				62CB91A91C3D54FE00B314EE /* PBXTargetDependency */,
			);
			name = SimpleDrawingAppTests;
			productName = SimpleDrawingAppTests;
			productReference = 62CB91A71C3D54FE00B314EE /* SimpleDrawingAppTests.xctest */;
			productType = "com.apple.product-type.bundle.unit-test";
		};
		62CB91B11C3D54FE00B314EE /* SimpleDrawingAppUITests */ = {
			isa = PBXNativeTarget;
			buildConfigurationList = 62CB91C11C3D54FE00B314EE /* Build configuration list for PBXNativeTarget "SimpleDrawingAppUITests" */;
			buildPhases = (
				62CB91AE1C3D54FE00B314EE /* Sources */,
				62CB91AF1C3D54FE00B314EE /* Frameworks */,
				62CB91B01C3D54FE00B314EE /* Resources */,
			);
			buildRules = (
			);
			dependencies = (
				62CB91B41C3D54FE00B314EE /* PBXTargetDependency */,
			);
			name = SimpleDrawingAppUITests;
			productName = SimpleDrawingAppUITests;
			productReference = 62CB91B21C3D54FE00B314EE /* SimpleDrawingAppUITests.xctest */;
			productType = "com.apple.product-type.bundle.ui-testing";
		};
/* End PBXNativeTarget section */

/* Begin PBXProject section */
		62CB91861C3D54FE00B314EE /* Project object */ = {
			isa = PBXProject;
			attributes = {
				LastUpgradeCheck = 0710;
				ORGANIZATIONNAME = "Maitrayee Ghosh";
				TargetAttributes = {
					62CB918D1C3D54FE00B314EE = {
						CreatedOnToolsVersion = 7.1;
					};
					62CB91A61C3D54FE00B314EE = {
						CreatedOnToolsVersion = 7.1;
						TestTargetID = 62CB918D1C3D54FE00B314EE;
					};
					62CB91B11C3D54FE00B314EE = {
						CreatedOnToolsVersion = 7.1;
						TestTargetID = 62CB918D1C3D54FE00B314EE;
					};
				};
			};
			buildConfigurationList = 62CB91891C3D54FE00B314EE /* Build configuration list for PBXProject "SimpleDrawingApp" */;
			compatibilityVersion = "Xcode 3.2";
			developmentRegion = English;
			hasScannedForEncodings = 0;
			knownRegions = (
				en,
				Base,
			);
			mainGroup = 62CB91851C3D54FE00B314EE;
			productRefGroup = 62CB918F1C3D54FE00B314EE /* Products */;
			projectDirPath = "";
			projectRoot = "";
			targets = (
				62CB918D1C3D54FE00B314EE /* SimpleDrawingApp */,
				62CB91A61C3D54FE00B314EE /* SimpleDrawingAppTests */,
				62CB91B11C3D54FE00B314EE /* SimpleDrawingAppUITests */,
			);
		};
/* End PBXProject section */

/* Begin PBXResourcesBuildPhase section */
		62CB918C1C3D54FE00B314EE /* Resources */ = {
			isa = PBXResourcesBuildPhase;
			buildActionMask = 2147483647;
			files = (
				62CB91A11C3D54FE00B314EE /* LaunchScreen.storyboard in Resources */,
				62CB91C51C3D554D00B314EE /* BackgroundImage.png in Resources */,
				62CB919E1C3D54FE00B314EE /* Assets.xcassets in Resources */,
				62CB919C1C3D54FE00B314EE /* Main.storyboard in Resources */,
			);
			runOnlyForDeploymentPostprocessing = 0;
		};
		62CB91A51C3D54FE00B314EE /* Resources */ = {
			isa = PBXResourcesBuildPhase;
			buildActionMask = 2147483647;
			files = (
			);
			runOnlyForDeploymentPostprocessing = 0;
		};
		62CB91B01C3D54FE00B314EE /* Resources */ = {
			isa = PBXResourcesBuildPhase;
			buildActionMask = 2147483647;
			files = (
			);
			runOnlyForDeploymentPostprocessing = 0;
		};
/* End PBXResourcesBuildPhase section */

/* Begin PBXSourcesBuildPhase section */
		62CB918A1C3D54FE00B314EE /* Sources */ = {
			isa = PBXSourcesBuildPhase;
			buildActionMask = 2147483647;
			files = (
				62CB91991C3D54FE00B314EE /* ViewController.m in Sources */,
				62CB91961C3D54FE00B314EE /* AppDelegate.m in Sources */,
				62CB91C81C3D5FF300B314EE /* CanvasUIView.m in Sources */,
				62CB91931C3D54FE00B314EE /* main.m in Sources */,
			);
			runOnlyForDeploymentPostprocessing = 0;
		};
		62CB91A31C3D54FE00B314EE /* Sources */ = {
			isa = PBXSourcesBuildPhase;
			buildActionMask = 2147483647;
			files = (
				62CB91AC1C3D54FE00B314EE /* SimpleDrawingAppTests.m in Sources */,
			);
			runOnlyForDeploymentPostprocessing = 0;
		};
		62CB91AE1C3D54FE00B314EE /* Sources */ = {
			isa = PBXSourcesBuildPhase;
			buildActionMask = 2147483647;
			files = (
				62CB91B71C3D54FE00B314EE /* SimpleDrawingAppUITests.m in Sources */,
			);
			runOnlyForDeploymentPostprocessing = 0;
		};
/* End PBXSourcesBuildPhase section */

/* Begin PBXTargetDependency section */
		62CB91A91C3D54FE00B314EE /* PBXTargetDependency */ = {
			isa = PBXTargetDependency;
			target = 62CB918D1C3D54FE00B314EE /* SimpleDrawingApp */;
			targetProxy = 62CB91A81C3D54FE00B314EE /* PBXContainerItemProxy */;
		};
		62CB91B41C3D54FE00B314EE /* PBXTargetDependency */ = {
			isa = PBXTargetDependency;
			target = 62CB918D1C3D54FE00B314EE /* SimpleDrawingApp */;
			targetProxy = 62CB91B31C3D54FE00B314EE /* PBXContainerItemProxy */;
		};
/* End PBXTargetDependency section */

/* Begin PBXVariantGroup section */
		62CB919A1C3D54FE00B314EE /* Main.storyboard */ = {
			isa = PBXVariantGroup;
			children = (
				62CB919B1C3D54FE00B314EE /* Base */,
			);
			name = Main.storyboard;
			sourceTree = "<group>";
		};
		62CB919F1C3D54FE00B314EE /* LaunchScreen.storyboard */ = {
			isa = PBXVariantGroup;
			children = (
				62CB91A01C3D54FE00B314EE /* Base */,
			);
			name = LaunchScreen.storyboard;
			sourceTree = "<group>";
		};
/* End PBXVariantGroup section */

/* Begin XCBuildConfiguration section */
		62CB91B91C3D54FE00B314EE /* Debug */ = {
			isa = XCBuildConfiguration;
			buildSettings = {
				ALWAYS_SEARCH_USER_PATHS = NO;
				CLANG_CXX_LANGUAGE_STANDARD = "gnu++0x";
				CLANG_CXX_LIBRARY = "libc++";
				CLANG_ENABLE_MODULES = YES;
				CLANG_ENABLE_OBJC_ARC = YES;
				CLANG_WARN_BOOL_CONVERSION = YES;
				CLANG_WARN_CONSTANT_CONVERSION = YES;
				CLANG_WARN_DIRECT_OBJC_ISA_USAGE = YES_ERROR;
				CLANG_WARN_EMPTY_BODY = YES;
				CLANG_WARN_ENUM_CONVERSION = YES;
				CLANG_WARN_INT_CONVERSION = YES;
				CLANG_WARN_OBJC_ROOT_CLASS = YES_ERROR;
				CLANG_WARN_UNREACHABLE_CODE = YES;
				CLANG_WARN__DUPLICATE_METHOD_MATCH = YES;
				"CODE_SIGN_IDENTITY[sdk=iphoneos*]" = "iPhone Developer";
				COPY_PHASE_STRIP = NO;
				DEBUG_INFORMATION_FORMAT = dwarf;
				ENABLE_STRICT_OBJC_MSGSEND = YES;
				ENABLE_TESTABILITY = YES;
				GCC_C_LANGUAGE_STANDARD = gnu99;
				GCC_DYNAMIC_NO_PIC = NO;
				GCC_NO_COMMON_BLOCKS = YES;
				GCC_OPTIMIZATION_LEVEL = 0;
				GCC_PREPROCESSOR_DEFINITIONS = (
					"DEBUG=1",
					"$(inherited)",
				);
				GCC_WARN_64_TO_32_BIT_CONVERSION = YES;
				GCC_WARN_ABOUT_RETURN_TYPE = YES_ERROR;
				GCC_WARN_UNDECLARED_SELECTOR = YES;
				GCC_WARN_UNINITIALIZED_AUTOS = YES_AGGRESSIVE;
				GCC_WARN_UNUSED_FUNCTION = YES;
				GCC_WARN_UNUSED_VARIABLE = YES;
				IPHONEOS_DEPLOYMENT_TARGET = 9.1;
				MTL_ENABLE_DEBUG_INFO = YES;
				ONLY_ACTIVE_ARCH = YES;
				SDKROOT = iphoneos;
			};
			name = Debug;
		};
		62CB91BA1C3D54FE00B314EE /* Release */ = {
			isa = XCBuildConfiguration;
			buildSettings = {
				ALWAYS_SEARCH_USER_PATHS = NO;
				CLANG_CXX_LANGUAGE_STANDARD = "gnu++0x";
				CLANG_CXX_LIBRARY = "libc++";
				CLANG_ENABLE_MODULES = YES;
				CLANG_ENABLE_OBJC_ARC = YES;
				CLANG_WARN_BOOL_CONVERSION = YES;
				CLANG_WARN_CONSTANT_CONVERSION = YES;
				CLANG_WARN_DIRECT_OBJC_ISA_USAGE = YES_ERROR;
				CLANG_WARN_EMPTY_BODY = YES;
				CLANG_WARN_ENUM_CONVERSION = YES;
				CLANG_WARN_INT_CONVERSION = YES;
				CLANG_WARN_OBJC_ROOT_CLASS = YES_ERROR;
				CLANG_WARN_UNREACHABLE_CODE = YES;
				CLANG_WARN__DUPLICATE_METHOD_MATCH = YES;
				"CODE_SIGN_IDENTITY[sdk=iphoneos*]" = "iPhone Developer";
				COPY_PHASE_STRIP = NO;
				DEBUG_INFORMATION_FORMAT = "dwarf-with-dsym";
				ENABLE_NS_ASSERTIONS = NO;
				ENABLE_STRICT_OBJC_MSGSEND = YES;
				GCC_C_LANGUAGE_STANDARD = gnu99;
				GCC_NO_COMMON_BLOCKS = YES;
				GCC_WARN_64_TO_32_BIT_CONVERSION = YES;
				GCC_WARN_ABOUT_RETURN_TYPE = YES_ERROR;
				GCC_WARN_UNDECLARED_SELECTOR = YES;
				GCC_WARN_UNINITIALIZED_AUTOS = YES_AGGRESSIVE;
				GCC_WARN_UNUSED_FUNCTION = YES;
				GCC_WARN_UNUSED_VARIABLE = YES;
				IPHONEOS_DEPLOYMENT_TARGET = 9.1;
				MTL_ENABLE_DEBUG_INFO = NO;
				SDKROOT = iphoneos;
				VALIDATE_PRODUCT = YES;
			};
			name = Release;
		};
		62CB91BC1C3D54FE00B314EE /* Debug */ = {
			isa = XCBuildConfiguration;
			buildSettings = {
				ASSETCATALOG_COMPILER_APPICON_NAME = AppIcon;
				INFOPLIST_FILE = SimpleDrawingApp/Info.plist;
				LD_RUNPATH_SEARCH_PATHS = "$(inherited) @executable_path/Frameworks";
				PRODUCT_BUNDLE_IDENTIFIER = com.maitrayee.helloworld.SimpleDrawingApp;
				PRODUCT_NAME = "$(TARGET_NAME)";
			};
			name = Debug;
		};
		62CB91BD1C3D54FE00B314EE /* Release */ = {
			isa = XCBuildConfiguration;
			buildSettings = {
				ASSETCATALOG_COMPILER_APPICON_NAME = AppIcon;
				INFOPLIST_FILE = SimpleDrawingApp/Info.plist;
				LD_RUNPATH_SEARCH_PATHS = "$(inherited) @executable_path/Frameworks";
				PRODUCT_BUNDLE_IDENTIFIER = com.maitrayee.helloworld.SimpleDrawingApp;
				PRODUCT_NAME = "$(TARGET_NAME)";
			};
			name = Release;
		};
		62CB91BF1C3D54FE00B314EE /* Debug */ = {
			isa = XCBuildConfiguration;
			buildSettings = {
				BUNDLE_LOADER = "$(TEST_HOST)";
				INFOPLIST_FILE = SimpleDrawingAppTests/Info.plist;
				LD_RUNPATH_SEARCH_PATHS = "$(inherited) @executable_path/Frameworks @loader_path/Frameworks";
				PRODUCT_BUNDLE_IDENTIFIER = com.maitrayee.helloworld.SimpleDrawingAppTests;
				PRODUCT_NAME = "$(TARGET_NAME)";
				TEST_HOST = "$(BUILT_PRODUCTS_DIR)/SimpleDrawingApp.app/SimpleDrawingApp";
			};
			name = Debug;
		};
		62CB91C01C3D54FE00B314EE /* Release */ = {
			isa = XCBuildConfiguration;
			buildSettings = {
				BUNDLE_LOADER = "$(TEST_HOST)";
				INFOPLIST_FILE = SimpleDrawingAppTests/Info.plist;
				LD_RUNPATH_SEARCH_PATHS = "$(inherited) @executable_path/Frameworks @loader_path/Frameworks";
				PRODUCT_BUNDLE_IDENTIFIER = com.maitrayee.helloworld.SimpleDrawingAppTests;
				PRODUCT_NAME = "$(TARGET_NAME)";
				TEST_HOST = "$(BUILT_PRODUCTS_DIR)/SimpleDrawingApp.app/SimpleDrawingApp";
			};
			name = Release;
		};
		62CB91C21C3D54FE00B314EE /* Debug */ = {
			isa = XCBuildConfiguration;
			buildSettings = {
				INFOPLIST_FILE = SimpleDrawingAppUITests/Info.plist;
				LD_RUNPATH_SEARCH_PATHS = "$(inherited) @executable_path/Frameworks @loader_path/Frameworks";
				PRODUCT_BUNDLE_IDENTIFIER = com.maitrayee.helloworld.SimpleDrawingAppUITests;
				PRODUCT_NAME = "$(TARGET_NAME)";
				TEST_TARGET_NAME = SimpleDrawingApp;
				USES_XCTRUNNER = YES;
			};
			name = Debug;
		};
		62CB91C31C3D54FE00B314EE /* Release */ = {
			isa = XCBuildConfiguration;
			buildSettings = {
				INFOPLIST_FILE = SimpleDrawingAppUITests/Info.plist;
				LD_RUNPATH_SEARCH_PATHS = "$(inherited) @executable_path/Frameworks @loader_path/Frameworks";
				PRODUCT_BUNDLE_IDENTIFIER = com.maitrayee.helloworld.SimpleDrawingAppUITests;
				PRODUCT_NAME = "$(TARGET_NAME)";
				TEST_TARGET_NAME = SimpleDrawingApp;
				USES_XCTRUNNER = YES;
			};
			name = Release;
		};
/* End XCBuildConfiguration section */

/* Begin XCConfigurationList section */
		62CB91891C3D54FE00B314EE /* Build configuration list for PBXProject "SimpleDrawingApp" */ = {
			isa = XCConfigurationList;
			buildConfigurations = (
				62CB91B91C3D54FE00B314EE /* Debug */,
				62CB91BA1C3D54FE00B314EE /* Release */,
			);
			defaultConfigurationIsVisible = 0;
			defaultConfigurationName = Release;
		};
		62CB91BB1C3D54FE00B314EE /* Build configuration list for PBXNativeTarget "SimpleDrawingApp" */ = {
			isa = XCConfigurationList;
			buildConfigurations = (
				62CB91BC1C3D54FE00B314EE /* Debug */,
				62CB91BD1C3D54FE00B314EE /* Release */,
			);
			defaultConfigurationIsVisible = 0;
		};
		62CB91BE1C3D54FE00B314EE /* Build configuration list for PBXNativeTarget "SimpleDrawingAppTests" */ = {
			isa = XCConfigurationList;
			buildConfigurations = (
				62CB91BF1C3D54FE00B314EE /* Debug */,
				62CB91C01C3D54FE00B314EE /* Release */,
			);
			defaultConfigurationIsVisible = 0;
		};
		62CB91C11C3D54FE00B314EE /* Build configuration list for PBXNativeTarget "SimpleDrawingAppUITests" */ = {
			isa = XCConfigurationList;
			buildConfigurations = (
				62CB91C21C3D54FE00B314EE /* Debug */,
				62CB91C31C3D54FE00B314EE /* Release */,
			);
			defaultConfigurationIsVisible = 0;
		};
/* End XCConfigurationList section */
	};
	rootObject = 62CB91861C3D54FE00B314EE /* Project object */;
}
